
Microsoft Visual Studio Solution File, Format Version 12.00
# Visual Studio 15
VisualStudioVersion = 15.0.27703.2018
MinimumVisualStudioVersion = 10.0.40219.1
Project("{FAE04EC0-301F-11D3-BF4B-00C04F79EFBC}") = "Application name", "Application name\Application name.csproj", "{16996E1C-04A8-4243-A1C9-C2B97D451C99}"
EndProject
Global
	GlobalSection(SolutionConfigurationPlatforms) = preSolution
		Debug|Any CPU = Debug|Any CPU
		Release|Any CPU = Release|Any CPU
	EndGlobalSection
	GlobalSection(ProjectConfigurationPlatforms) = postSolution
		{16996E1C-04A8-4243-A1C9-C2B97D451C99}.Debug|Any CPU.ActiveCfg = Debug|Any CPU
		{16996E1C-04A8-4243-A1C9-C2B97D451C99}.Debug|Any CPU.Build.0 = Debug|Any CPU
		{16996E1C-04A8-4243-A1C9-C2B97D451C99}.Release|Any CPU.ActiveCfg = Release|Any CPU
		{16996E1C-04A8-4243-A1C9-C2B97D451C99}.Release|Any CPU.Build.0 = Release|Any CPU
	EndGlobalSection
	GlobalSection(SolutionProperties) = preSolution
		HideSolutionNode = FALSE
	EndGlobalSection
	GlobalSection(ExtensibilityGlobals) = postSolution
		SolutionGuid = {B96FD26F-3107-4C86-872B-965B5A13E6B7}
	EndGlobalSection
EndGlobal
